act_dr6_mflike==1.1.0
altair==6.3.0
anyio==4.15.1
astropy==8.0.1
astropy-iers-data==0.2026.9.21.0.56.25
attrs==26.1.0
camb==2.0.4
candl==0.0.7
certifi==2026.7.22
charset-normalizer==3.5.1
click==8.5.0
cloudpickle==3.1.2
cobaya==3.6.2
colorama==0.4.6
contourpy==1.4.0
corner==2.3.0
cycler==0.12.1
dill==0.4.1
ducc0==0.41.0
emcee==3.1.6
fastjsonschema==2.22.2
fgspectra==1.4.1
fitsio==1.4.2
fonttools==4.65.0
formulaic==1.2.2
getdist==1.7.7
h11==0.16.0
h5py==3.16.0
httptools==0.8.0
idna==3.20
iniconfig==2.3.0
interface_meta==2.0.1
itsdangerous==2.2.0
Jinja2==3.1.6
joblib==1.6.0
jsonschema==4.26.0
jsonschema-specifications==2025.9.1
jupyter_core==5.9.1
kiwisolver==1.5.1
MarkupSafe==3.0.3
matplotlib==3.11.2
mflike==1.0.2
mpmath==1.3.0
narwhals==2.26.0
nbformat==5.11.1
numpy==2.5.3
packaging==26.3
pandas==2.3.3
patsy==1.0.3
pillow==12.3.0
platformdirs==4.11.11
plotly==6.9.0
pluggy==1.6.0
portalocker==4.4.0
protobuf==7.36.2
Py-BOBYQA==1.5.0
pyarrow==25.0.1
pydeck==0.9.3
pyerfa==2.0.1.5
Pygments==2.21.0
pymupdf==1.28.2
pyparsing==3.3.2
pypdf==6.19.0
pytest==8.4.2
python-dateutil==2.9.0.post0
python-multipart==0.0.32
pytz==2026.3.post1
PyYAML==6.0.3
RapidFuzz==3.14.6
referencing==0.37.0
requests==2.34.2
rpds-py==2026.6.3
sacc==2.4
scikit-learn==1.9.1
scipy==1.18.1
seaborn==0.13.2
setuptools==84.0.0
six==1.17.0
starlette==1.6.0
statsmodels==0.15.0
streamlit==1.64.0
sympy==1.14.0
syslibrary==0.2
threadpoolctl==3.7.0
toml==0.10.2
tqdm==4.70.1
traitlets==5.16.1
typing_extensions==4.16.0
tzdata==2026.4
urllib3==2.8.0
uvicorn==0.53.0
watchdog==6.0.0
websockets==16.1.1
wheel==0.48.0
wrapt==2.4.2rc1
